
Microsoft Visual Studio Solution File, Format Version 11.00
# Visual Studio 2010
Project("{FAE04EC0-301F-11D3-BF4B-00C04F79EFBC}") = "OptionCalculator", "OptionCalculator.csproj", "{66AC554D-27ED-45B8-8553-016A65012535}"
EndProject
Global
	GlobalSection(SolutionConfigurationPlatforms) = preSolution
		Debug|Any CPU = Debug|Any CPU
		Release|Any CPU = Release|Any CPU
	EndGlobalSection
	GlobalSection(ProjectConfigurationPlatforms) = postSolution
		{66AC554D-27ED-45B8-8553-016A65012535}.Debug|Any CPU.ActiveCfg = Debug|Any CPU
		{66AC554D-27ED-45B8-8553-016A65012535}.Debug|Any CPU.Build.0 = Debug|Any CPU
		{66AC554D-27ED-45B8-8553-016A65012535}.Release|Any CPU.ActiveCfg = Release|Any CPU
		{66AC554D-27ED-45B8-8553-016A65012535}.Release|Any CPU.Build.0 = Release|Any CPU
	EndGlobalSection
	GlobalSection(SolutionProperties) = preSolution
		HideSolutionNode = FALSE
	EndGlobalSection
EndGlobal
